<?xml version="1.0" encoding="utf-8"?>
<Project ToolsVersion="4.0" xmlns="http://schemas.microsoft.com/developer/msbuild/2003">
  <ItemGroup>
    <Filter Include="Source">
      <UniqueIdentifier>{4FC737F1-C7A5-4376-A066-2A32D752A2FF}</UniqueIdentifier>
      <Extensions>cpp;c;cc;cxx;c++;cppm;ixx;def;odl;idl;hpj;bat;asm;asmx</Extensions>
    </Filter>
    <Filter Include="Assets">
      <UniqueIdentifier>{7d2ce0eb-c054-4fe8-a9fe-1efa54b53c25}</UniqueIdentifier>
    </Filter>
    <Filter Include="Assets\Shaders">
      <UniqueIdentifier>{3f8dcc15-a01a-4672-b7bc-e6fdaf072409}</UniqueIdentifier>
    </Filter>
    <Filter Include="Assets\Textures">
      <UniqueIdentifier>{b3889b5c-54a0-43de-b07d-1187d4a0f0e5}</UniqueIdentifier>
    </Filter>
    <Filter Include="Assets\Materials">
      <UniqueIdentifier>{080f8c16-038b-4b70-a9ff-6b10937a0d27}</UniqueIdentifier>
    </Filter>
    <Filter Include="Assets\Scenes">
      <UniqueIdentifier>{6df9e50d-3903-4547-a1e7-184d5df49a50}</UniqueIdentifier>
    </Filter>
  </ItemGroup>
  <ItemGroup>
    <ClCompile Include="Main.cpp">
      <Filter>Source</Filter>
    </ClCompile>
    <ClCompile Include="ApplicationPCH.cpp">
      <Filter>Source</Filter>
    </ClCompile>
  </ItemGroup>
  <ItemGroup>
    <ClInclude Include="ApplicationPCH.h">
      <Filter>Source</Filter>
    </ClInclude>
  </ItemGroup>
  <ItemGroup>
    <None Include="..\..\Build\Assets\Shaders\basic.frag">
      <Filter>Assets\Shaders</Filter>
    </None>
    <None Include="..\..\Build\Assets\Shaders\Basic.vert">
      <Filter>Assets\Shaders</Filter>
    </None>
    <None Include="..\..\Build\Assets\Shaders\lit_vertex.vert">
      <Filter>Assets\Shaders</Filter>
    </None>
    <None Include="..\..\Build\Assets\Shaders\lit_vertex.frag">
      <Filter>Assets\Shaders</Filter>
    </None>
    <None Include="..\..\Build\Assets\Shaders\lit_vertex.prog">
      <Filter>Assets\Shaders</Filter>
    </None>
    <None Include="..\..\Build\Assets\Materials\spot.mat">
      <Filter>Assets\Materials</Filter>
    </None>
    <None Include="..\..\Build\Assets\Shaders\lit_phong.vert">
      <Filter>Assets\Shaders</Filter>
    </None>
    <None Include="..\..\Build\Assets\Shaders\lit_phong.frag">
      <Filter>Assets\Shaders</Filter>
    </None>
    <None Include="..\..\Build\Assets\Shaders\lit_phong.prog">
      <Filter>Assets\Shaders</Filter>
    </None>
    <None Include="..\..\Build\Assets\Scenes\scene01.json">
      <Filter>Assets\Scenes</Filter>
    </None>
    <None Include="..\..\Build\Assets\Scenes\Scene02.json">
      <Filter>Assets\Scenes</Filter>
    </None>
    <None Include="..\..\Build\Assets\Materials\crate.mat">
      <Filter>Assets\Materials</Filter>
    </None>
    <None Include="..\..\Build\Assets\Materials\rocks.mat">
      <Filter>Assets\Materials</Filter>
    </None>
    <None Include="..\..\Build\Assets\Materials\skybox.mat">
      <Filter>Assets\Materials</Filter>
    </None>
    <None Include="..\..\Build\Assets\Shaders\cubemap.frag">
      <Filter>Assets\Shaders</Filter>
    </None>
    <None Include="..\..\Build\Assets\Shaders\skybox.vert">
      <Filter>Assets\Shaders</Filter>
    </None>
    <None Include="..\..\Build\Assets\Shaders\skybox.prog">
      <Filter>Assets\Shaders</Filter>
    </None>
    <None Include="..\..\Build\Assets\Shaders\reflection.vert">
      <Filter>Assets\Shaders</Filter>
    </None>
    <None Include="..\..\Build\Assets\Shaders\refraction.vert">
      <Filter>Assets\Shaders</Filter>
    </None>
    <None Include="..\..\Build\Assets\Shaders\reflection.prog">
      <Filter>Assets\Shaders</Filter>
    </None>
    <None Include="..\..\Build\Assets\Shaders\refraction.prog">
      <Filter>Assets\Shaders</Filter>
    </None>
    <None Include="..\..\Build\Assets\Materials\reflection.mat">
      <Filter>Assets\Materials</Filter>
    </None>
    <None Include="..\..\Build\Assets\Materials\refraction.mat">
      <Filter>Assets\Materials</Filter>
    </None>
    <None Include="..\..\Build\Assets\Materials\squirrel.mat">
      <Filter>Assets\Materials</Filter>
    </None>
    <None Include="..\..\Build\Assets\Materials\ogre.mat">
      <Filter>Assets\Materials</Filter>
    </None>
    <None Include="..\..\Build\Assets\Materials\rtt.mat">
      <Filter>Assets\Materials</Filter>
    </None>
    <None Include="..\..\Build\Assets\Shaders\postprocess.vert">
      <Filter>Assets\Shaders</Filter>
    </None>
    <None Include="..\..\Build\Assets\Shaders\postprocess.prog">
      <Filter>Assets\Shaders</Filter>
    </None>
    <None Include="..\..\Build\Assets\Shaders\postprocess.frag">
      <Filter>Assets\Shaders</Filter>
    </None>
    <None Include="..\..\Build\Assets\Shaders\unlit.prog">
      <Filter>Assets\Shaders</Filter>
    </None>
    <None Include="..\..\Build\Assets\Shaders\unlit.frag">
      <Filter>Assets\Shaders</Filter>
    </None>
    <None Include="..\..\Build\Assets\Shaders\unlit.vert">
      <Filter>Assets\Shaders</Filter>
    </None>
  </ItemGroup>
  <ItemGroup>
    <Image Include="..\..\Build\Assets\Textures\beast.png">
      <Filter>Assets\Textures</Filter>
    </Image>
  </ItemGroup>
</Project>